
Microsoft Visual Studio Solution File, Format Version 12.00
# Visual Studio Version 16
VisualStudioVersion = 16.0.30011.22
MinimumVisualStudioVersion = 10.0.40219.1
Project("{FAE04EC0-301F-11D3-BF4B-00C04F79EFBC}") = "FlightControlWeb", "FlightControlWeb\FlightControlWeb.csproj", "{8A20723A-AE97-48C9-B4FD-14684E038957}"
EndProject
Global
	GlobalSection(SolutionConfigurationPlatforms) = preSolution
		Debug|Any CPU = Debug|Any CPU
		Release|Any CPU = Release|Any CPU
	EndGlobalSection
	GlobalSection(ProjectConfigurationPlatforms) = postSolution
		{8A20723A-AE97-48C9-B4FD-14684E038957}.Debug|Any CPU.ActiveCfg = Debug|Any CPU
		{8A20723A-AE97-48C9-B4FD-14684E038957}.Debug|Any CPU.Build.0 = Debug|Any CPU
		{8A20723A-AE97-48C9-B4FD-14684E038957}.Release|Any CPU.ActiveCfg = Release|Any CPU
		{8A20723A-AE97-48C9-B4FD-14684E038957}.Release|Any CPU.Build.0 = Release|Any CPU
	EndGlobalSection
	GlobalSection(SolutionProperties) = preSolution
		HideSolutionNode = FALSE
	EndGlobalSection
	GlobalSection(ExtensibilityGlobals) = postSolution
		SolutionGuid = {0FC6F8A1-FE0F-411B-A1BE-D39AE27E5A94}
	EndGlobalSection
EndGlobal
